
Microsoft Visual Studio Solution File, Format Version 12.00
# Visual Studio 15
VisualStudioVersion = 15.0.28010.2003
MinimumVisualStudioVersion = 10.0.40219.1
Project("{FAE04EC0-301F-11D3-BF4B-00C04F79EFBC}") = "TESTTASK.CLIENT", "TESTTASK.CLIENT\TESTTASK.CLIENT.csproj", "{DD6ED938-85DF-4844-83C8-8819B33C2CC1}"
EndProject
Global
	GlobalSection(SolutionConfigurationPlatforms) = preSolution
		Debug|Any CPU = Debug|Any CPU
		Release|Any CPU = Release|Any CPU
	EndGlobalSection
	GlobalSection(ProjectConfigurationPlatforms) = postSolution
		{DD6ED938-85DF-4844-83C8-8819B33C2CC1}.Debug|Any CPU.ActiveCfg = Debug|Any CPU
		{DD6ED938-85DF-4844-83C8-8819B33C2CC1}.Debug|Any CPU.Build.0 = Debug|Any CPU
		{DD6ED938-85DF-4844-83C8-8819B33C2CC1}.Release|Any CPU.ActiveCfg = Release|Any CPU
		{DD6ED938-85DF-4844-83C8-8819B33C2CC1}.Release|Any CPU.Build.0 = Release|Any CPU
	EndGlobalSection
	GlobalSection(SolutionProperties) = preSolution
		HideSolutionNode = FALSE
	EndGlobalSection
	GlobalSection(ExtensibilityGlobals) = postSolution
		SolutionGuid = {889FE280-785C-4B18-B4B4-2BDDFFFAB704}
	EndGlobalSection
EndGlobal
