
Microsoft Visual Studio Solution File, Format Version 12.00
# Visual Studio 15
VisualStudioVersion = 15.0.28010.2003
MinimumVisualStudioVersion = 10.0.40219.1
Project("{FAE04EC0-301F-11D3-BF4B-00C04F79EFBC}") = "TestTask.Server", "TestTask.Server\TestTask.Server.csproj", "{EE490840-8794-4E67-8C8D-801A7BF9341B}"
EndProject
Global
	GlobalSection(SolutionConfigurationPlatforms) = preSolution
		Debug|Any CPU = Debug|Any CPU
		Release|Any CPU = Release|Any CPU
	EndGlobalSection
	GlobalSection(ProjectConfigurationPlatforms) = postSolution
		{EE490840-8794-4E67-8C8D-801A7BF9341B}.Debug|Any CPU.ActiveCfg = Debug|Any CPU
		{EE490840-8794-4E67-8C8D-801A7BF9341B}.Debug|Any CPU.Build.0 = Debug|Any CPU
		{EE490840-8794-4E67-8C8D-801A7BF9341B}.Release|Any CPU.ActiveCfg = Release|Any CPU
		{EE490840-8794-4E67-8C8D-801A7BF9341B}.Release|Any CPU.Build.0 = Release|Any CPU
	EndGlobalSection
	GlobalSection(SolutionProperties) = preSolution
		HideSolutionNode = FALSE
	EndGlobalSection
	GlobalSection(ExtensibilityGlobals) = postSolution
		SolutionGuid = {F446B4D9-E0DA-4890-A31D-DFBB515CE09D}
	EndGlobalSection
EndGlobal
